
Microsoft Visual Studio Solution File, Format Version 12.00
# Visual Studio Version 16
VisualStudioVersion = 16.0.29806.167
MinimumVisualStudioVersion = 10.0.40219.1
Project("{FAE04EC0-301F-11D3-BF4B-00C04F79EFBC}") = "AssignmentNew", "AssignmentNew\AssignmentNew.csproj", "{B518C454-F258-4A65-B11E-6853BF7C6E83}"
EndProject
Project("{FAE04EC0-301F-11D3-BF4B-00C04F79EFBC}") = "SampleApplication", "SampleApplication\SampleApplication.csproj", "{B808D339-D601-4931-9E02-CDD543DCF719}"
EndProject
Project("{8BC9CEB8-8B4A-11D0-8D11-00A0C91BC942}") = "Sample1", "Sample1\Sample1.vcxproj", "{4BDD7510-9A30-4527-8F6B-E424764704D1}"
EndProject
Project("{FAE04EC0-301F-11D3-BF4B-00C04F79EFBC}") = "DEMO1", "DEMO1\DEMO1.csproj", "{E95FA3A8-BAD7-41B0-ACFA-3847205B99E0}"
EndProject
Global
	GlobalSection(SolutionConfigurationPlatforms) = preSolution
		Debug|Any CPU = Debug|Any CPU
		Debug|x64 = Debug|x64
		Debug|x86 = Debug|x86
		Release|Any CPU = Release|Any CPU
		Release|x64 = Release|x64
		Release|x86 = Release|x86
	EndGlobalSection
	GlobalSection(ProjectConfigurationPlatforms) = postSolution
		{B518C454-F258-4A65-B11E-6853BF7C6E83}.Debug|Any CPU.ActiveCfg = Debug|Any CPU
		{B518C454-F258-4A65-B11E-6853BF7C6E83}.Debug|Any CPU.Build.0 = Debug|Any CPU
		{B518C454-F258-4A65-B11E-6853BF7C6E83}.Debug|x64.ActiveCfg = Debug|Any CPU
		{B518C454-F258-4A65-B11E-6853BF7C6E83}.Debug|x64.Build.0 = Debug|Any CPU
		{B518C454-F258-4A65-B11E-6853BF7C6E83}.Debug|x86.ActiveCfg = Debug|Any CPU
		{B518C454-F258-4A65-B11E-6853BF7C6E83}.Debug|x86.Build.0 = Debug|Any CPU
		{B518C454-F258-4A65-B11E-6853BF7C6E83}.Release|Any CPU.ActiveCfg = Release|Any CPU
		{B518C454-F258-4A65-B11E-6853BF7C6E83}.Release|Any CPU.Build.0 = Release|Any CPU
		{B518C454-F258-4A65-B11E-6853BF7C6E83}.Release|x64.ActiveCfg = Release|Any CPU
		{B518C454-F258-4A65-B11E-6853BF7C6E83}.Release|x64.Build.0 = Release|Any CPU
		{B518C454-F258-4A65-B11E-6853BF7C6E83}.Release|x86.ActiveCfg = Release|Any CPU
		{B518C454-F258-4A65-B11E-6853BF7C6E83}.Release|x86.Build.0 = Release|Any CPU
		{B808D339-D601-4931-9E02-CDD543DCF719}.Debug|Any CPU.ActiveCfg = Debug|Any CPU
		{B808D339-D601-4931-9E02-CDD543DCF719}.Debug|Any CPU.Build.0 = Debug|Any CPU
		{B808D339-D601-4931-9E02-CDD543DCF719}.Debug|x64.ActiveCfg = Debug|Any CPU
		{B808D339-D601-4931-9E02-CDD543DCF719}.Debug|x64.Build.0 = Debug|Any CPU
		{B808D339-D601-4931-9E02-CDD543DCF719}.Debug|x86.ActiveCfg = Debug|Any CPU
		{B808D339-D601-4931-9E02-CDD543DCF719}.Debug|x86.Build.0 = Debug|Any CPU
		{B808D339-D601-4931-9E02-CDD543DCF719}.Release|Any CPU.ActiveCfg = Release|Any CPU
		{B808D339-D601-4931-9E02-CDD543DCF719}.Release|Any CPU.Build.0 = Release|Any CPU
		{B808D339-D601-4931-9E02-CDD543DCF719}.Release|x64.ActiveCfg = Release|Any CPU
		{B808D339-D601-4931-9E02-CDD543DCF719}.Release|x64.Build.0 = Release|Any CPU
		{B808D339-D601-4931-9E02-CDD543DCF719}.Release|x86.ActiveCfg = Release|Any CPU
		{B808D339-D601-4931-9E02-CDD543DCF719}.Release|x86.Build.0 = Release|Any CPU
		{4BDD7510-9A30-4527-8F6B-E424764704D1}.Debug|Any CPU.ActiveCfg = Debug|Win32
		{4BDD7510-9A30-4527-8F6B-E424764704D1}.Debug|x64.ActiveCfg = Debug|x64
		{4BDD7510-9A30-4527-8F6B-E424764704D1}.Debug|x64.Build.0 = Debug|x64
		{4BDD7510-9A30-4527-8F6B-E424764704D1}.Debug|x86.ActiveCfg = Debug|Win32
		{4BDD7510-9A30-4527-8F6B-E424764704D1}.Debug|x86.Build.0 = Debug|Win32
		{4BDD7510-9A30-4527-8F6B-E424764704D1}.Release|Any CPU.ActiveCfg = Release|Win32
		{4BDD7510-9A30-4527-8F6B-E424764704D1}.Release|x64.ActiveCfg = Release|x64
		{4BDD7510-9A30-4527-8F6B-E424764704D1}.Release|x64.Build.0 = Release|x64
		{4BDD7510-9A30-4527-8F6B-E424764704D1}.Release|x86.ActiveCfg = Release|Win32
		{4BDD7510-9A30-4527-8F6B-E424764704D1}.Release|x86.Build.0 = Release|Win32
		{E95FA3A8-BAD7-41B0-ACFA-3847205B99E0}.Debug|Any CPU.ActiveCfg = Debug|Any CPU
		{E95FA3A8-BAD7-41B0-ACFA-3847205B99E0}.Debug|Any CPU.Build.0 = Debug|Any CPU
		{E95FA3A8-BAD7-41B0-ACFA-3847205B99E0}.Debug|x64.ActiveCfg = Debug|Any CPU
		{E95FA3A8-BAD7-41B0-ACFA-3847205B99E0}.Debug|x64.Build.0 = Debug|Any CPU
		{E95FA3A8-BAD7-41B0-ACFA-3847205B99E0}.Debug|x86.ActiveCfg = Debug|Any CPU
		{E95FA3A8-BAD7-41B0-ACFA-3847205B99E0}.Debug|x86.Build.0 = Debug|Any CPU
		{E95FA3A8-BAD7-41B0-ACFA-3847205B99E0}.Release|Any CPU.ActiveCfg = Release|Any CPU
		{E95FA3A8-BAD7-41B0-ACFA-3847205B99E0}.Release|Any CPU.Build.0 = Release|Any CPU
		{E95FA3A8-BAD7-41B0-ACFA-3847205B99E0}.Release|x64.ActiveCfg = Release|Any CPU
		{E95FA3A8-BAD7-41B0-ACFA-3847205B99E0}.Release|x64.Build.0 = Release|Any CPU
		{E95FA3A8-BAD7-41B0-ACFA-3847205B99E0}.Release|x86.ActiveCfg = Release|Any CPU
		{E95FA3A8-BAD7-41B0-ACFA-3847205B99E0}.Release|x86.Build.0 = Release|Any CPU
	EndGlobalSection
	GlobalSection(SolutionProperties) = preSolution
		HideSolutionNode = FALSE
	EndGlobalSection
	GlobalSection(ExtensibilityGlobals) = postSolution
		SolutionGuid = {A45DD3A2-1CC7-442A-99EF-E9F42064C4DF}
	EndGlobalSection
EndGlobal
